
Microsoft Visual Studio Solution File, Format Version 12.00
# Visual Studio Version 16
VisualStudioVersion = 16.0.29215.179
MinimumVisualStudioVersion = 10.0.40219.1
Project("{FAE04EC0-301F-11D3-BF4B-00C04F79EFBC}") = "Ejercicio10.Android", "Ejercicio10\Ejercicio10.Android\Ejercicio10.Android.csproj", "{6A1B2825-9033-4B00-B2AA-BD0547B247B8}"
EndProject
Project("{FAE04EC0-301F-11D3-BF4B-00C04F79EFBC}") = "Ejercicio10.iOS", "Ejercicio10\Ejercicio10.iOS\Ejercicio10.iOS.csproj", "{F06D469C-CFDF-4358-9CC2-B1329326A287}"
EndProject
Project("{FAE04EC0-301F-11D3-BF4B-00C04F79EFBC}") = "Ejercicio10", "Ejercicio10\Ejercicio10\Ejercicio10.csproj", "{D68BD297-95CF-461D-A990-A9DAA9234879}"
EndProject
Global
	GlobalSection(SolutionConfigurationPlatforms) = preSolution
		Debug|Any CPU = Debug|Any CPU
		Debug|iPhone = Debug|iPhone
		Debug|iPhoneSimulator = Debug|iPhoneSimulator
		Release|Any CPU = Release|Any CPU
		Release|iPhone = Release|iPhone
		Release|iPhoneSimulator = Release|iPhoneSimulator
	EndGlobalSection
	GlobalSection(ProjectConfigurationPlatforms) = postSolution
		{6A1B2825-9033-4B00-B2AA-BD0547B247B8}.Debug|Any CPU.ActiveCfg = Debug|Any CPU
		{6A1B2825-9033-4B00-B2AA-BD0547B247B8}.Debug|Any CPU.Build.0 = Debug|Any CPU
		{6A1B2825-9033-4B00-B2AA-BD0547B247B8}.Debug|Any CPU.Deploy.0 = Debug|Any CPU
		{6A1B2825-9033-4B00-B2AA-BD0547B247B8}.Debug|iPhone.ActiveCfg = Debug|Any CPU
		{6A1B2825-9033-4B00-B2AA-BD0547B247B8}.Debug|iPhone.Build.0 = Debug|Any CPU
		{6A1B2825-9033-4B00-B2AA-BD0547B247B8}.Debug|iPhone.Deploy.0 = Debug|Any CPU
		{6A1B2825-9033-4B00-B2AA-BD0547B247B8}.Debug|iPhoneSimulator.ActiveCfg = Debug|Any CPU
		{6A1B2825-9033-4B00-B2AA-BD0547B247B8}.Debug|iPhoneSimulator.Build.0 = Debug|Any CPU
		{6A1B2825-9033-4B00-B2AA-BD0547B247B8}.Debug|iPhoneSimulator.Deploy.0 = Debug|Any CPU
		{6A1B2825-9033-4B00-B2AA-BD0547B247B8}.Release|Any CPU.ActiveCfg = Release|Any CPU
		{6A1B2825-9033-4B00-B2AA-BD0547B247B8}.Release|Any CPU.Build.0 = Release|Any CPU
		{6A1B2825-9033-4B00-B2AA-BD0547B247B8}.Release|Any CPU.Deploy.0 = Release|Any CPU
		{6A1B2825-9033-4B00-B2AA-BD0547B247B8}.Release|iPhone.ActiveCfg = Release|Any CPU
		{6A1B2825-9033-4B00-B2AA-BD0547B247B8}.Release|iPhone.Build.0 = Release|Any CPU
		{6A1B2825-9033-4B00-B2AA-BD0547B247B8}.Release|iPhone.Deploy.0 = Release|Any CPU
		{6A1B2825-9033-4B00-B2AA-BD0547B247B8}.Release|iPhoneSimulator.ActiveCfg = Release|Any CPU
		{6A1B2825-9033-4B00-B2AA-BD0547B247B8}.Release|iPhoneSimulator.Build.0 = Release|Any CPU
		{6A1B2825-9033-4B00-B2AA-BD0547B247B8}.Release|iPhoneSimulator.Deploy.0 = Release|Any CPU
		{F06D469C-CFDF-4358-9CC2-B1329326A287}.Debug|Any CPU.ActiveCfg = Debug|iPhoneSimulator
		{F06D469C-CFDF-4358-9CC2-B1329326A287}.Debug|Any CPU.Build.0 = Debug|iPhoneSimulator
		{F06D469C-CFDF-4358-9CC2-B1329326A287}.Debug|Any CPU.Deploy.0 = Debug|iPhoneSimulator
		{F06D469C-CFDF-4358-9CC2-B1329326A287}.Debug|iPhone.ActiveCfg = Debug|iPhone
		{F06D469C-CFDF-4358-9CC2-B1329326A287}.Debug|iPhone.Build.0 = Debug|iPhone
		{F06D469C-CFDF-4358-9CC2-B1329326A287}.Debug|iPhone.Deploy.0 = Debug|iPhone
		{F06D469C-CFDF-4358-9CC2-B1329326A287}.Debug|iPhoneSimulator.ActiveCfg = Debug|iPhoneSimulator
		{F06D469C-CFDF-4358-9CC2-B1329326A287}.Debug|iPhoneSimulator.Build.0 = Debug|iPhoneSimulator
		{F06D469C-CFDF-4358-9CC2-B1329326A287}.Debug|iPhoneSimulator.Deploy.0 = Debug|iPhoneSimulator
		{F06D469C-CFDF-4358-9CC2-B1329326A287}.Release|Any CPU.ActiveCfg = Release|iPhone
		{F06D469C-CFDF-4358-9CC2-B1329326A287}.Release|Any CPU.Build.0 = Release|iPhone
		{F06D469C-CFDF-4358-9CC2-B1329326A287}.Release|Any CPU.Deploy.0 = Release|iPhone
		{F06D469C-CFDF-4358-9CC2-B1329326A287}.Release|iPhone.ActiveCfg = Release|iPhone
		{F06D469C-CFDF-4358-9CC2-B1329326A287}.Release|iPhone.Build.0 = Release|iPhone
		{F06D469C-CFDF-4358-9CC2-B1329326A287}.Release|iPhone.Deploy.0 = Release|iPhone
		{F06D469C-CFDF-4358-9CC2-B1329326A287}.Release|iPhoneSimulator.ActiveCfg = Release|iPhoneSimulator
		{F06D469C-CFDF-4358-9CC2-B1329326A287}.Release|iPhoneSimulator.Build.0 = Release|iPhoneSimulator
		{F06D469C-CFDF-4358-9CC2-B1329326A287}.Release|iPhoneSimulator.Deploy.0 = Release|iPhoneSimulator
		{D68BD297-95CF-461D-A990-A9DAA9234879}.Debug|Any CPU.ActiveCfg = Debug|Any CPU
		{D68BD297-95CF-461D-A990-A9DAA9234879}.Debug|Any CPU.Build.0 = Debug|Any CPU
		{D68BD297-95CF-461D-A990-A9DAA9234879}.Debug|Any CPU.Deploy.0 = Debug|Any CPU
		{D68BD297-95CF-461D-A990-A9DAA9234879}.Debug|iPhone.ActiveCfg = Debug|Any CPU
		{D68BD297-95CF-461D-A990-A9DAA9234879}.Debug|iPhone.Build.0 = Debug|Any CPU
		{D68BD297-95CF-461D-A990-A9DAA9234879}.Debug|iPhone.Deploy.0 = Debug|Any CPU
		{D68BD297-95CF-461D-A990-A9DAA9234879}.Debug|iPhoneSimulator.ActiveCfg = Debug|Any CPU
		{D68BD297-95CF-461D-A990-A9DAA9234879}.Debug|iPhoneSimulator.Build.0 = Debug|Any CPU
		{D68BD297-95CF-461D-A990-A9DAA9234879}.Debug|iPhoneSimulator.Deploy.0 = Debug|Any CPU
		{D68BD297-95CF-461D-A990-A9DAA9234879}.Release|Any CPU.ActiveCfg = Release|Any CPU
		{D68BD297-95CF-461D-A990-A9DAA9234879}.Release|Any CPU.Build.0 = Release|Any CPU
		{D68BD297-95CF-461D-A990-A9DAA9234879}.Release|Any CPU.Deploy.0 = Release|Any CPU
		{D68BD297-95CF-461D-A990-A9DAA9234879}.Release|iPhone.ActiveCfg = Release|Any CPU
		{D68BD297-95CF-461D-A990-A9DAA9234879}.Release|iPhone.Build.0 = Release|Any CPU
		{D68BD297-95CF-461D-A990-A9DAA9234879}.Release|iPhone.Deploy.0 = Release|Any CPU
		{D68BD297-95CF-461D-A990-A9DAA9234879}.Release|iPhoneSimulator.ActiveCfg = Release|Any CPU
		{D68BD297-95CF-461D-A990-A9DAA9234879}.Release|iPhoneSimulator.Build.0 = Release|Any CPU
		{D68BD297-95CF-461D-A990-A9DAA9234879}.Release|iPhoneSimulator.Deploy.0 = Release|Any CPU
	EndGlobalSection
	GlobalSection(SolutionProperties) = preSolution
		HideSolutionNode = FALSE
	EndGlobalSection
	GlobalSection(ExtensibilityGlobals) = postSolution
		SolutionGuid = {8D2B0931-ABD0-4484-932B-FCF2D9DF8C1C}
	EndGlobalSection
EndGlobal
